
Microsoft Visual Studio Solution File, Format Version 11.00
# Visual Studio 2010
Project("{FAE04EC0-301F-11D3-BF4B-00C04F79EFBC}") = "neogeo", "Assembly-CSharp.csproj", "{81A54EA0-3AD7-4D4B-53E4-340117902003}"
EndProject
Project("{FAE04EC0-301F-11D3-BF4B-00C04F79EFBC}") = "neogeo", "Assembly-CSharp-Editor.csproj", "{27B1B317-B37B-EB01-B8F3-99D7C6B2B2B2}"
EndProject
Global
	GlobalSection(SolutionConfigurationPlatforms) = preSolution
		Debug|Any CPU = Debug|Any CPU
		Release|Any CPU = Release|Any CPU
	EndGlobalSection
	GlobalSection(ProjectConfigurationPlatforms) = postSolution
		{81A54EA0-3AD7-4D4B-53E4-340117902003}.Debug|Any CPU.ActiveCfg = Debug|Any CPU
		{81A54EA0-3AD7-4D4B-53E4-340117902003}.Debug|Any CPU.Build.0 = Debug|Any CPU
		{81A54EA0-3AD7-4D4B-53E4-340117902003}.Release|Any CPU.ActiveCfg = Release|Any CPU
		{81A54EA0-3AD7-4D4B-53E4-340117902003}.Release|Any CPU.Build.0 = Release|Any CPU
		{27B1B317-B37B-EB01-B8F3-99D7C6B2B2B2}.Debug|Any CPU.ActiveCfg = Debug|Any CPU
		{27B1B317-B37B-EB01-B8F3-99D7C6B2B2B2}.Debug|Any CPU.Build.0 = Debug|Any CPU
		{27B1B317-B37B-EB01-B8F3-99D7C6B2B2B2}.Release|Any CPU.ActiveCfg = Release|Any CPU
		{27B1B317-B37B-EB01-B8F3-99D7C6B2B2B2}.Release|Any CPU.Build.0 = Release|Any CPU
	EndGlobalSection
	GlobalSection(SolutionProperties) = preSolution
		HideSolutionNode = FALSE
	EndGlobalSection
	GlobalSection(MonoDevelopProperties) = preSolution
		StartupItem = Assembly-CSharp.csproj
	EndGlobalSection
EndGlobal
